
Microsoft Visual Studio Solution File, Format Version 12.00
# Visual Studio 15
VisualStudioVersion = 15.0.28307.960
MinimumVisualStudioVersion = 10.0.40219.1
Project("{FAE04EC0-301F-11D3-BF4B-00C04F79EFBC}") = "ServerPasswordCrack", "ServerPasswordCrack\ServerPasswordCrack.csproj", "{2791B267-523F-414D-B39C-EE7254538611}"
EndProject
Project("{FAE04EC0-301F-11D3-BF4B-00C04F79EFBC}") = "Client", "Client\Client.csproj", "{F8E332DA-AFA9-483B-BE81-A1590F61D0CE}"
EndProject
Global
	GlobalSection(SolutionConfigurationPlatforms) = preSolution
		Debug|Any CPU = Debug|Any CPU
		Release|Any CPU = Release|Any CPU
	EndGlobalSection
	GlobalSection(ProjectConfigurationPlatforms) = postSolution
		{2791B267-523F-414D-B39C-EE7254538611}.Debug|Any CPU.ActiveCfg = Debug|Any CPU
		{2791B267-523F-414D-B39C-EE7254538611}.Debug|Any CPU.Build.0 = Debug|Any CPU
		{2791B267-523F-414D-B39C-EE7254538611}.Release|Any CPU.ActiveCfg = Release|Any CPU
		{2791B267-523F-414D-B39C-EE7254538611}.Release|Any CPU.Build.0 = Release|Any CPU
		{F8E332DA-AFA9-483B-BE81-A1590F61D0CE}.Debug|Any CPU.ActiveCfg = Debug|Any CPU
		{F8E332DA-AFA9-483B-BE81-A1590F61D0CE}.Debug|Any CPU.Build.0 = Debug|Any CPU
		{F8E332DA-AFA9-483B-BE81-A1590F61D0CE}.Release|Any CPU.ActiveCfg = Release|Any CPU
		{F8E332DA-AFA9-483B-BE81-A1590F61D0CE}.Release|Any CPU.Build.0 = Release|Any CPU
	EndGlobalSection
	GlobalSection(SolutionProperties) = preSolution
		HideSolutionNode = FALSE
	EndGlobalSection
	GlobalSection(ExtensibilityGlobals) = postSolution
		SolutionGuid = {70626333-27D1-434B-8EA2-8C20CFDC69A5}
	EndGlobalSection
EndGlobal
